
Microsoft Visual Studio Solution File, Format Version 12.00
# Visual Studio 15
VisualStudioVersion = 15.0.27004.2008
MinimumVisualStudioVersion = 10.0.40219.1
Project("{8BC9CEB8-8B4A-11D0-8D11-00A0C91BC942}") = "GitTestProject", "GitTestProject\GitTestProject.vcxproj", "{77870858-1D66-45E5-B421-7AD77B1CB498}"
EndProject
Global
	GlobalSection(SolutionConfigurationPlatforms) = preSolution
		Debug|x64 = Debug|x64
		Debug|x86 = Debug|x86
		Release|x64 = Release|x64
		Release|x86 = Release|x86
	EndGlobalSection
	GlobalSection(ProjectConfigurationPlatforms) = postSolution
		{77870858-1D66-45E5-B421-7AD77B1CB498}.Debug|x64.ActiveCfg = Debug|x64
		{77870858-1D66-45E5-B421-7AD77B1CB498}.Debug|x64.Build.0 = Debug|x64
		{77870858-1D66-45E5-B421-7AD77B1CB498}.Debug|x86.ActiveCfg = Debug|Win32
		{77870858-1D66-45E5-B421-7AD77B1CB498}.Debug|x86.Build.0 = Debug|Win32
		{77870858-1D66-45E5-B421-7AD77B1CB498}.Release|x64.ActiveCfg = Release|x64
		{77870858-1D66-45E5-B421-7AD77B1CB498}.Release|x64.Build.0 = Release|x64
		{77870858-1D66-45E5-B421-7AD77B1CB498}.Release|x86.ActiveCfg = Release|Win32
		{77870858-1D66-45E5-B421-7AD77B1CB498}.Release|x86.Build.0 = Release|Win32
	EndGlobalSection
	GlobalSection(SolutionProperties) = preSolution
		HideSolutionNode = FALSE
	EndGlobalSection
	GlobalSection(ExtensibilityGlobals) = postSolution
		SolutionGuid = {41094680-88D1-4F3D-AE3A-5912B47C0AC2}
	EndGlobalSection
EndGlobal
